{
    "_readme": [
        "This file locks the dependencies of your project to a known state",
        "Read more about it at https://getcomposer.org/doc/01-basic-usage.md#composer-lock-the-lock-file",
        "This file is @generated automatically"
    ],
    "content-hash": "2f9a46fc593f5a136e3db6a6bc4449af",
    "packages": [
        {
            "name": "mohuishou/image-ocr",
            "version": "0.1.1",
            "source": {
                "type": "git",
                "url": "https://github.com/mohuishou/ImageOCR.git",
                "reference": "9e4cb4b963471a0e050cd730d331be017c245c65"
            },
            "dist": {
                "type": "zip",
                "url": "https://api.github.com/repos/mohuishou/ImageOCR/zipball/9e4cb4b963471a0e050cd730d331be017c245c65",
                "reference": "9e4cb4b963471a0e050cd730d331be017c245c65",
                "shasum": ""
            },
            "require": {
                "php": ">5.4"
            },
            "type": "library",
            "autoload": {
                "psr-4": {
                    "Mohuishou\\ImageOCR\\": ""
                }
            },
            "notification-url": "https://packagist.org/downloads/",
            "license": [
                "MIT"
            ],
            "authors": [
                {
                    "name": "mohuishou",
                    "email": "1@lailin.xyz"
                }
            ],
            "description": "验证码识别",
            "keywords": [
                "OCR",
                "image",
                "验证码",
                "验证码识别"
            ],
            "time": "2016-12-29T08:43:21+00:00"
        }
    ],
    "packages-dev": [],
    "aliases": [],
    "minimum-stability": "stable",
    "stability-flags": [],
    "prefer-stable": false,
    "prefer-lowest": false,
    "platform": [],
    "platform-dev": []
}
